// !$*UTF8*$!
{
	archiveVersion = 1;
	classes = {
	};
	objectVersion = 56;
	objects = {

/* Begin PBXBuildFile section */
		A7F642512AD8807600AC2A61 /* Itunes_Music_DemoApp.swift in Sources */ = {isa = PBXBuildFile; fileRef = A7F642502AD8807600AC2A61 /* Itunes_Music_DemoApp.swift */; };
		A7F642532AD8807600AC2A61 /* ContentView.swift in Sources */ = {isa = PBXBuildFile; fileRef = A7F642522AD8807600AC2A61 /* ContentView.swift */; };
		A7F642552AD8807700AC2A61 /* Assets.xcassets in Resources */ = {isa = PBXBuildFile; fileRef = A7F642542AD8807700AC2A61 /* Assets.xcassets */; };
		A7F642582AD8807700AC2A61 /* Preview Assets.xcassets in Resources */ = {isa = PBXBuildFile; fileRef = A7F642572AD8807700AC2A61 /* Preview Assets.xcassets */; };
		A7F642612AD8846500AC2A61 /* SongPersistenceManager.swift in Sources */ = {isa = PBXBuildFile; fileRef = A7F6425F2AD8846500AC2A61 /* SongPersistenceManager.swift */; };
		A7F642622AD8846500AC2A61 /* AudioManager.swift in Sources */ = {isa = PBXBuildFile; fileRef = A7F642602AD8846500AC2A61 /* AudioManager.swift */; };
		A7F642732AD8847600AC2A61 /* MainTabBar.swift in Sources */ = {isa = PBXBuildFile; fileRef = A7F642642AD8847600AC2A61 /* MainTabBar.swift */; };
		A7F642742AD8847600AC2A61 /* TrackListView.swift in Sources */ = {isa = PBXBuildFile; fileRef = A7F642652AD8847600AC2A61 /* TrackListView.swift */; };
		A7F642752AD8847600AC2A61 /* LikedSongsListView.swift in Sources */ = {isa = PBXBuildFile; fileRef = A7F642662AD8847600AC2A61 /* LikedSongsListView.swift */; };
		A7F642762AD8847600AC2A61 /* SongPreviewView.swift in Sources */ = {isa = PBXBuildFile; fileRef = A7F642672AD8847600AC2A61 /* SongPreviewView.swift */; };
		A7F642772AD8847600AC2A61 /* ItunesAPIHandler.swift in Sources */ = {isa = PBXBuildFile; fileRef = A7F642692AD8847600AC2A61 /* ItunesAPIHandler.swift */; };
		A7F642782AD8847600AC2A61 /* Song.swift in Sources */ = {isa = PBXBuildFile; fileRef = A7F6426A2AD8847600AC2A61 /* Song.swift */; };
		A7F642792AD8847600AC2A61 /* SavedSongsCDModel.xcdatamodeld in Sources */ = {isa = PBXBuildFile; fileRef = A7F6426B2AD8847600AC2A61 /* SavedSongsCDModel.xcdatamodeld */; };
		A7F6427A2AD8847600AC2A61 /* LikedSongsVM.swift in Sources */ = {isa = PBXBuildFile; fileRef = A7F6426E2AD8847600AC2A61 /* LikedSongsVM.swift */; };
		A7F6427B2AD8847600AC2A61 /* SongSearchVM.swift in Sources */ = {isa = PBXBuildFile; fileRef = A7F6426F2AD8847600AC2A61 /* SongSearchVM.swift */; };
		A7F6427C2AD8847600AC2A61 /* URLPlusBuildURL.swift in Sources */ = {isa = PBXBuildFile; fileRef = A7F642712AD8847600AC2A61 /* URLPlusBuildURL.swift */; };
		A7F6427D2AD8847600AC2A61 /* URLSessionPlusObject.swift in Sources */ = {isa = PBXBuildFile; fileRef = A7F642722AD8847600AC2A61 /* URLSessionPlusObject.swift */; };
/* End PBXBuildFile section */

/* Begin PBXFileReference section */
		A7F6424D2AD8807600AC2A61 /* Itunes Music Demo.app */ = {isa = PBXFileReference; explicitFileType = wrapper.application; includeInIndex = 0; path = "Itunes Music Demo.app"; sourceTree = BUILT_PRODUCTS_DIR; };
		A7F642502AD8807600AC2A61 /* Itunes_Music_DemoApp.swift */ = {isa = PBXFileReference; lastKnownFileType = sourcecode.swift; path = Itunes_Music_DemoApp.swift; sourceTree = "<group>"; };
		A7F642522AD8807600AC2A61 /* ContentView.swift */ = {isa = PBXFileReference; lastKnownFileType = sourcecode.swift; path = ContentView.swift; sourceTree = "<group>"; };
		A7F642542AD8807700AC2A61 /* Assets.xcassets */ = {isa = PBXFileReference; lastKnownFileType = folder.assetcatalog; path = Assets.xcassets; sourceTree = "<group>"; };
		A7F642572AD8807700AC2A61 /* Preview Assets.xcassets */ = {isa = PBXFileReference; lastKnownFileType = folder.assetcatalog; path = "Preview Assets.xcassets"; sourceTree = "<group>"; };
		A7F6425F2AD8846500AC2A61 /* SongPersistenceManager.swift */ = {isa = PBXFileReference; fileEncoding = 4; lastKnownFileType = sourcecode.swift; path = SongPersistenceManager.swift; sourceTree = "<group>"; };
		A7F642602AD8846500AC2A61 /* AudioManager.swift */ = {isa = PBXFileReference; fileEncoding = 4; lastKnownFileType = sourcecode.swift; path = AudioManager.swift; sourceTree = "<group>"; };
		A7F642642AD8847600AC2A61 /* MainTabBar.swift */ = {isa = PBXFileReference; fileEncoding = 4; lastKnownFileType = sourcecode.swift; path = MainTabBar.swift; sourceTree = "<group>"; };
		A7F642652AD8847600AC2A61 /* TrackListView.swift */ = {isa = PBXFileReference; fileEncoding = 4; lastKnownFileType = sourcecode.swift; path = TrackListView.swift; sourceTree = "<group>"; };
		A7F642662AD8847600AC2A61 /* LikedSongsListView.swift */ = {isa = PBXFileReference; fileEncoding = 4; lastKnownFileType = sourcecode.swift; path = LikedSongsListView.swift; sourceTree = "<group>"; };
		A7F642672AD8847600AC2A61 /* SongPreviewView.swift */ = {isa = PBXFileReference; fileEncoding = 4; lastKnownFileType = sourcecode.swift; path = SongPreviewView.swift; sourceTree = "<group>"; };
		A7F642692AD8847600AC2A61 /* ItunesAPIHandler.swift */ = {isa = PBXFileReference; fileEncoding = 4; lastKnownFileType = sourcecode.swift; path = ItunesAPIHandler.swift; sourceTree = "<group>"; };
		A7F6426A2AD8847600AC2A61 /* Song.swift */ = {isa = PBXFileReference; fileEncoding = 4; lastKnownFileType = sourcecode.swift; path = Song.swift; sourceTree = "<group>"; };
		A7F6426C2AD8847600AC2A61 /* SavedSongsCDModel.xcdatamodel */ = {isa = PBXFileReference; lastKnownFileType = wrapper.xcdatamodel; path = SavedSongsCDModel.xcdatamodel; sourceTree = "<group>"; };
		A7F6426E2AD8847600AC2A61 /* LikedSongsVM.swift */ = {isa = PBXFileReference; fileEncoding = 4; lastKnownFileType = sourcecode.swift; path = LikedSongsVM.swift; sourceTree = "<group>"; };
		A7F6426F2AD8847600AC2A61 /* SongSearchVM.swift */ = {isa = PBXFileReference; fileEncoding = 4; lastKnownFileType = sourcecode.swift; path = SongSearchVM.swift; sourceTree = "<group>"; };
		A7F642712AD8847600AC2A61 /* URLPlusBuildURL.swift */ = {isa = PBXFileReference; fileEncoding = 4; lastKnownFileType = sourcecode.swift; path = URLPlusBuildURL.swift; sourceTree = "<group>"; };
		A7F642722AD8847600AC2A61 /* URLSessionPlusObject.swift */ = {isa = PBXFileReference; fileEncoding = 4; lastKnownFileType = sourcecode.swift; path = URLSessionPlusObject.swift; sourceTree = "<group>"; };
/* End PBXFileReference section */

/* Begin PBXFrameworksBuildPhase section */
		A7F6424A2AD8807600AC2A61 /* Frameworks */ = {
			isa = PBXFrameworksBuildPhase;
			buildActionMask = 2147483647;
			files = (
			);
			runOnlyForDeploymentPostprocessing = 0;
		};
/* End PBXFrameworksBuildPhase section */

/* Begin PBXGroup section */
		A7F642442AD8807600AC2A61 = {
			isa = PBXGroup;
			children = (
				A7F6424F2AD8807600AC2A61 /* Itunes Music Demo */,
				A7F6424E2AD8807600AC2A61 /* Products */,
			);
			sourceTree = "<group>";
		};
		A7F6424E2AD8807600AC2A61 /* Products */ = {
			isa = PBXGroup;
			children = (
				A7F6424D2AD8807600AC2A61 /* Itunes Music Demo.app */,
			);
			name = Products;
			sourceTree = "<group>";
		};
		A7F6424F2AD8807600AC2A61 /* Itunes Music Demo */ = {
			isa = PBXGroup;
			children = (
				A7F6425E2AD8846500AC2A61 /* Managers */,
				A7F642702AD8847600AC2A61 /* Extensions */,
				A7F642682AD8847600AC2A61 /* Model */,
				A7F6426D2AD8847600AC2A61 /* ViewModel */,
				A7F642632AD8847600AC2A61 /* View */,
				A7F642502AD8807600AC2A61 /* Itunes_Music_DemoApp.swift */,
				A7F642522AD8807600AC2A61 /* ContentView.swift */,
				A7F642542AD8807700AC2A61 /* Assets.xcassets */,
				A7F642562AD8807700AC2A61 /* Preview Content */,
			);
			path = "Itunes Music Demo";
			sourceTree = "<group>";
		};
		A7F642562AD8807700AC2A61 /* Preview Content */ = {
			isa = PBXGroup;
			children = (
				A7F642572AD8807700AC2A61 /* Preview Assets.xcassets */,
			);
			path = "Preview Content";
			sourceTree = "<group>";
		};
		A7F6425E2AD8846500AC2A61 /* Managers */ = {
			isa = PBXGroup;
			children = (
				A7F6425F2AD8846500AC2A61 /* SongPersistenceManager.swift */,
				A7F642602AD8846500AC2A61 /* AudioManager.swift */,
			);
			path = Managers;
			sourceTree = "<group>";
		};
		A7F642632AD8847600AC2A61 /* View */ = {
			isa = PBXGroup;
			children = (
				A7F642642AD8847600AC2A61 /* MainTabBar.swift */,
				A7F642652AD8847600AC2A61 /* TrackListView.swift */,
				A7F642662AD8847600AC2A61 /* LikedSongsListView.swift */,
				A7F642672AD8847600AC2A61 /* SongPreviewView.swift */,
			);
			path = View;
			sourceTree = "<group>";
		};
		A7F642682AD8847600AC2A61 /* Model */ = {
			isa = PBXGroup;
			children = (
				A7F642692AD8847600AC2A61 /* ItunesAPIHandler.swift */,
				A7F6426A2AD8847600AC2A61 /* Song.swift */,
				A7F6426B2AD8847600AC2A61 /* SavedSongsCDModel.xcdatamodeld */,
			);
			path = Model;
			sourceTree = "<group>";
		};
		A7F6426D2AD8847600AC2A61 /* ViewModel */ = {
			isa = PBXGroup;
			children = (
				A7F6426E2AD8847600AC2A61 /* LikedSongsVM.swift */,
				A7F6426F2AD8847600AC2A61 /* SongSearchVM.swift */,
			);
			path = ViewModel;
			sourceTree = "<group>";
		};
		A7F642702AD8847600AC2A61 /* Extensions */ = {
			isa = PBXGroup;
			children = (
				A7F642712AD8847600AC2A61 /* URLPlusBuildURL.swift */,
				A7F642722AD8847600AC2A61 /* URLSessionPlusObject.swift */,
			);
			path = Extensions;
			sourceTree = "<group>";
		};
/* End PBXGroup section */

/* Begin PBXNativeTarget section */
		A7F6424C2AD8807600AC2A61 /* Itunes Music Demo */ = {
			isa = PBXNativeTarget;
			buildConfigurationList = A7F6425B2AD8807700AC2A61 /* Build configuration list for PBXNativeTarget "Itunes Music Demo" */;
			buildPhases = (
				A7F642492AD8807600AC2A61 /* Sources */,
				A7F6424A2AD8807600AC2A61 /* Frameworks */,
				A7F6424B2AD8807600AC2A61 /* Resources */,
			);
			buildRules = (
			);
			dependencies = (
			);
			name = "Itunes Music Demo";
			productName = "Itunes Music Demo";
			productReference = A7F6424D2AD8807600AC2A61 /* Itunes Music Demo.app */;
			productType = "com.apple.product-type.application";
		};
/* End PBXNativeTarget section */

/* Begin PBXProject section */
		A7F642452AD8807600AC2A61 /* Project object */ = {
			isa = PBXProject;
			attributes = {
				BuildIndependentTargetsInParallel = 1;
				LastSwiftUpdateCheck = 1430;
				LastUpgradeCheck = 1430;
				TargetAttributes = {
					A7F6424C2AD8807600AC2A61 = {
						CreatedOnToolsVersion = 14.3.1;
					};
				};
			};
			buildConfigurationList = A7F642482AD8807600AC2A61 /* Build configuration list for PBXProject "Itunes Music Demo" */;
			compatibilityVersion = "Xcode 14.0";
			developmentRegion = en;
			hasScannedForEncodings = 0;
			knownRegions = (
				en,
				Base,
			);
			mainGroup = A7F642442AD8807600AC2A61;
			productRefGroup = A7F6424E2AD8807600AC2A61 /* Products */;
			projectDirPath = "";
			projectRoot = "";
			targets = (
				A7F6424C2AD8807600AC2A61 /* Itunes Music Demo */,
			);
		};
/* End PBXProject section */

/* Begin PBXResourcesBuildPhase section */
		A7F6424B2AD8807600AC2A61 /* Resources */ = {
			isa = PBXResourcesBuildPhase;
			buildActionMask = 2147483647;
			files = (
				A7F642582AD8807700AC2A61 /* Preview Assets.xcassets in Resources */,
				A7F642552AD8807700AC2A61 /* Assets.xcassets in Resources */,
			);
			runOnlyForDeploymentPostprocessing = 0;
		};
/* End PBXResourcesBuildPhase section */

/* Begin PBXSourcesBuildPhase section */
		A7F642492AD8807600AC2A61 /* Sources */ = {
			isa = PBXSourcesBuildPhase;
			buildActionMask = 2147483647;
			files = (
				A7F6427D2AD8847600AC2A61 /* URLSessionPlusObject.swift in Sources */,
				A7F642532AD8807600AC2A61 /* ContentView.swift in Sources */,
				A7F642752AD8847600AC2A61 /* LikedSongsListView.swift in Sources */,
				A7F6427C2AD8847600AC2A61 /* URLPlusBuildURL.swift in Sources */,
				A7F642772AD8847600AC2A61 /* ItunesAPIHandler.swift in Sources */,
				A7F6427B2AD8847600AC2A61 /* SongSearchVM.swift in Sources */,
				A7F6427A2AD8847600AC2A61 /* LikedSongsVM.swift in Sources */,
				A7F642512AD8807600AC2A61 /* Itunes_Music_DemoApp.swift in Sources */,
				A7F642792AD8847600AC2A61 /* SavedSongsCDModel.xcdatamodeld in Sources */,
				A7F642782AD8847600AC2A61 /* Song.swift in Sources */,
				A7F642622AD8846500AC2A61 /* AudioManager.swift in Sources */,
				A7F642762AD8847600AC2A61 /* SongPreviewView.swift in Sources */,
				A7F642732AD8847600AC2A61 /* MainTabBar.swift in Sources */,
				A7F642742AD8847600AC2A61 /* TrackListView.swift in Sources */,
				A7F642612AD8846500AC2A61 /* SongPersistenceManager.swift in Sources */,
			);
			runOnlyForDeploymentPostprocessing = 0;
		};
/* End PBXSourcesBuildPhase section */

/* Begin XCBuildConfiguration section */
		A7F642592AD8807700AC2A61 /* Debug */ = {
			isa = XCBuildConfiguration;
			buildSettings = {
				ALWAYS_SEARCH_USER_PATHS = NO;
				CLANG_ANALYZER_NONNULL = YES;
				CLANG_ANALYZER_NUMBER_OBJECT_CONVERSION = YES_AGGRESSIVE;
				CLANG_CXX_LANGUAGE_STANDARD = "gnu++20";
				CLANG_ENABLE_MODULES = YES;
				CLANG_ENABLE_OBJC_ARC = YES;
				CLANG_ENABLE_OBJC_WEAK = YES;
				CLANG_WARN_BLOCK_CAPTURE_AUTORELEASING = YES;
				CLANG_WARN_BOOL_CONVERSION = YES;
				CLANG_WARN_COMMA = YES;
				CLANG_WARN_CONSTANT_CONVERSION = YES;
				CLANG_WARN_DEPRECATED_OBJC_IMPLEMENTATIONS = YES;
				CLANG_WARN_DIRECT_OBJC_ISA_USAGE = YES_ERROR;
				CLANG_WARN_DOCUMENTATION_COMMENTS = YES;
				CLANG_WARN_EMPTY_BODY = YES;
				CLANG_WARN_ENUM_CONVERSION = YES;
				CLANG_WARN_INFINITE_RECURSION = YES;
				CLANG_WARN_INT_CONVERSION = YES;
				CLANG_WARN_NON_LITERAL_NULL_CONVERSION = YES;
				CLANG_WARN_OBJC_IMPLICIT_RETAIN_SELF = YES;
				CLANG_WARN_OBJC_LITERAL_CONVERSION = YES;
				CLANG_WARN_OBJC_ROOT_CLASS = YES_ERROR;
				CLANG_WARN_QUOTED_INCLUDE_IN_FRAMEWORK_HEADER = YES;
				CLANG_WARN_RANGE_LOOP_ANALYSIS = YES;
				CLANG_WARN_STRICT_PROTOTYPES = YES;
				CLANG_WARN_SUSPICIOUS_MOVE = YES;
				CLANG_WARN_UNGUARDED_AVAILABILITY = YES_AGGRESSIVE;
				CLANG_WARN_UNREACHABLE_CODE = YES;
				CLANG_WARN__DUPLICATE_METHOD_MATCH = YES;
				COPY_PHASE_STRIP = NO;
				DEBUG_INFORMATION_FORMAT = dwarf;
				ENABLE_STRICT_OBJC_MSGSEND = YES;
				ENABLE_TESTABILITY = YES;
				GCC_C_LANGUAGE_STANDARD = gnu11;
				GCC_DYNAMIC_NO_PIC = NO;
				GCC_NO_COMMON_BLOCKS = YES;
				GCC_OPTIMIZATION_LEVEL = 0;
				GCC_PREPROCESSOR_DEFINITIONS = (
					"DEBUG=1",
					"$(inherited)",
				);
				GCC_WARN_64_TO_32_BIT_CONVERSION = YES;
				GCC_WARN_ABOUT_RETURN_TYPE = YES_ERROR;
				GCC_WARN_UNDECLARED_SELECTOR = YES;
				GCC_WARN_UNINITIALIZED_AUTOS = YES_AGGRESSIVE;
				GCC_WARN_UNUSED_FUNCTION = YES;
				GCC_WARN_UNUSED_VARIABLE = YES;
				IPHONEOS_DEPLOYMENT_TARGET = 16.4;
				MTL_ENABLE_DEBUG_INFO = INCLUDE_SOURCE;
				MTL_FAST_MATH = YES;
				ONLY_ACTIVE_ARCH = YES;
				SDKROOT = iphoneos;
				SWIFT_ACTIVE_COMPILATION_CONDITIONS = DEBUG;
				SWIFT_OPTIMIZATION_LEVEL = "-Onone";
			};
			name = Debug;
		};
		A7F6425A2AD8807700AC2A61 /* Release */ = {
			isa = XCBuildConfiguration;
			buildSettings = {
				ALWAYS_SEARCH_USER_PATHS = NO;
				CLANG_ANALYZER_NONNULL = YES;
				CLANG_ANALYZER_NUMBER_OBJECT_CONVERSION = YES_AGGRESSIVE;
				CLANG_CXX_LANGUAGE_STANDARD = "gnu++20";
				CLANG_ENABLE_MODULES = YES;
				CLANG_ENABLE_OBJC_ARC = YES;
				CLANG_ENABLE_OBJC_WEAK = YES;
				CLANG_WARN_BLOCK_CAPTURE_AUTORELEASING = YES;
				CLANG_WARN_BOOL_CONVERSION = YES;
				CLANG_WARN_COMMA = YES;
				CLANG_WARN_CONSTANT_CONVERSION = YES;
				CLANG_WARN_DEPRECATED_OBJC_IMPLEMENTATIONS = YES;
				CLANG_WARN_DIRECT_OBJC_ISA_USAGE = YES_ERROR;
				CLANG_WARN_DOCUMENTATION_COMMENTS = YES;
				CLANG_WARN_EMPTY_BODY = YES;
				CLANG_WARN_ENUM_CONVERSION = YES;
				CLANG_WARN_INFINITE_RECURSION = YES;
				CLANG_WARN_INT_CONVERSION = YES;
				CLANG_WARN_NON_LITERAL_NULL_CONVERSION = YES;
				CLANG_WARN_OBJC_IMPLICIT_RETAIN_SELF = YES;
				CLANG_WARN_OBJC_LITERAL_CONVERSION = YES;
				CLANG_WARN_OBJC_ROOT_CLASS = YES_ERROR;
				CLANG_WARN_QUOTED_INCLUDE_IN_FRAMEWORK_HEADER = YES;
				CLANG_WARN_RANGE_LOOP_ANALYSIS = YES;
				CLANG_WARN_STRICT_PROTOTYPES = YES;
				CLANG_WARN_SUSPICIOUS_MOVE = YES;
				CLANG_WARN_UNGUARDED_AVAILABILITY = YES_AGGRESSIVE;
				CLANG_WARN_UNREACHABLE_CODE = YES;
				CLANG_WARN__DUPLICATE_METHOD_MATCH = YES;
				COPY_PHASE_STRIP = NO;
				DEBUG_INFORMATION_FORMAT = "dwarf-with-dsym";
				ENABLE_NS_ASSERTIONS = NO;
				ENABLE_STRICT_OBJC_MSGSEND = YES;
				GCC_C_LANGUAGE_STANDARD = gnu11;
				GCC_NO_COMMON_BLOCKS = YES;
				GCC_WARN_64_TO_32_BIT_CONVERSION = YES;
				GCC_WARN_ABOUT_RETURN_TYPE = YES_ERROR;
				GCC_WARN_UNDECLARED_SELECTOR = YES;
				GCC_WARN_UNINITIALIZED_AUTOS = YES_AGGRESSIVE;
				GCC_WARN_UNUSED_FUNCTION = YES;
				GCC_WARN_UNUSED_VARIABLE = YES;
				IPHONEOS_DEPLOYMENT_TARGET = 16.4;
				MTL_ENABLE_DEBUG_INFO = NO;
				MTL_FAST_MATH = YES;
				SDKROOT = iphoneos;
				SWIFT_COMPILATION_MODE = wholemodule;
				SWIFT_OPTIMIZATION_LEVEL = "-O";
				VALIDATE_PRODUCT = YES;
			};
			name = Release;
		};
		A7F6425C2AD8807700AC2A61 /* Debug */ = {
			isa = XCBuildConfiguration;
			buildSettings = {
				ASSETCATALOG_COMPILER_APPICON_NAME = AppIcon;
				ASSETCATALOG_COMPILER_GLOBAL_ACCENT_COLOR_NAME = AccentColor;
				CODE_SIGN_STYLE = Automatic;
				CURRENT_PROJECT_VERSION = 1;
				DEVELOPMENT_ASSET_PATHS = "\"Itunes Music Demo/Preview Content\"";
				DEVELOPMENT_TEAM = HSSZJZTQA2;
				ENABLE_PREVIEWS = YES;
				GENERATE_INFOPLIST_FILE = YES;
				INFOPLIST_KEY_UIApplicationSceneManifest_Generation = YES;
				INFOPLIST_KEY_UIApplicationSupportsIndirectInputEvents = YES;
				INFOPLIST_KEY_UILaunchScreen_Generation = YES;
				INFOPLIST_KEY_UISupportedInterfaceOrientations_iPad = "UIInterfaceOrientationPortrait UIInterfaceOrientationPortraitUpsideDown UIInterfaceOrientationLandscapeLeft UIInterfaceOrientationLandscapeRight";
				INFOPLIST_KEY_UISupportedInterfaceOrientations_iPhone = "UIInterfaceOrientationPortrait UIInterfaceOrientationLandscapeLeft UIInterfaceOrientationLandscapeRight";
				LD_RUNPATH_SEARCH_PATHS = (
					"$(inherited)",
					"@executable_path/Frameworks",
				);
				MARKETING_VERSION = 1.0;
				PRODUCT_BUNDLE_IDENTIFIER = "edu.dixietech.zacharyb.Itunes-Music-Demo";
				PRODUCT_NAME = "$(TARGET_NAME)";
				SWIFT_EMIT_LOC_STRINGS = YES;
				SWIFT_VERSION = 5.0;
				TARGETED_DEVICE_FAMILY = "1,2";
			};
			name = Debug;
		};
		A7F6425D2AD8807700AC2A61 /* Release */ = {
			isa = XCBuildConfiguration;
			buildSettings = {
				ASSETCATALOG_COMPILER_APPICON_NAME = AppIcon;
				ASSETCATALOG_COMPILER_GLOBAL_ACCENT_COLOR_NAME = AccentColor;
				CODE_SIGN_STYLE = Automatic;
				CURRENT_PROJECT_VERSION = 1;
				DEVELOPMENT_ASSET_PATHS = "\"Itunes Music Demo/Preview Content\"";
				DEVELOPMENT_TEAM = HSSZJZTQA2;
				ENABLE_PREVIEWS = YES;
				GENERATE_INFOPLIST_FILE = YES;
				INFOPLIST_KEY_UIApplicationSceneManifest_Generation = YES;
				INFOPLIST_KEY_UIApplicationSupportsIndirectInputEvents = YES;
				INFOPLIST_KEY_UILaunchScreen_Generation = YES;
				INFOPLIST_KEY_UISupportedInterfaceOrientations_iPad = "UIInterfaceOrientationPortrait UIInterfaceOrientationPortraitUpsideDown UIInterfaceOrientationLandscapeLeft UIInterfaceOrientationLandscapeRight";
				INFOPLIST_KEY_UISupportedInterfaceOrientations_iPhone = "UIInterfaceOrientationPortrait UIInterfaceOrientationLandscapeLeft UIInterfaceOrientationLandscapeRight";
				LD_RUNPATH_SEARCH_PATHS = (
					"$(inherited)",
					"@executable_path/Frameworks",
				);
				MARKETING_VERSION = 1.0;
				PRODUCT_BUNDLE_IDENTIFIER = "edu.dixietech.zacharyb.Itunes-Music-Demo";
				PRODUCT_NAME = "$(TARGET_NAME)";
				SWIFT_EMIT_LOC_STRINGS = YES;
				SWIFT_VERSION = 5.0;
				TARGETED_DEVICE_FAMILY = "1,2";
			};
			name = Release;
		};
/* End XCBuildConfiguration section */

/* Begin XCConfigurationList section */
		A7F642482AD8807600AC2A61 /* Build configuration list for PBXProject "Itunes Music Demo" */ = {
			isa = XCConfigurationList;
			buildConfigurations = (
				A7F642592AD8807700AC2A61 /* Debug */,
				A7F6425A2AD8807700AC2A61 /* Release */,
			);
			defaultConfigurationIsVisible = 0;
			defaultConfigurationName = Release;
		};
		A7F6425B2AD8807700AC2A61 /* Build configuration list for PBXNativeTarget "Itunes Music Demo" */ = {
			isa = XCConfigurationList;
			buildConfigurations = (
				A7F6425C2AD8807700AC2A61 /* Debug */,
				A7F6425D2AD8807700AC2A61 /* Release */,
			);
			defaultConfigurationIsVisible = 0;
			defaultConfigurationName = Release;
		};
/* End XCConfigurationList section */

/* Begin XCVersionGroup section */
		A7F6426B2AD8847600AC2A61 /* SavedSongsCDModel.xcdatamodeld */ = {
			isa = XCVersionGroup;
			children = (
				A7F6426C2AD8847600AC2A61 /* SavedSongsCDModel.xcdatamodel */,
			);
			currentVersion = A7F6426C2AD8847600AC2A61 /* SavedSongsCDModel.xcdatamodel */;
			path = SavedSongsCDModel.xcdatamodeld;
			sourceTree = "<group>";
			versionGroupType = wrapper.xcdatamodel;
		};
/* End XCVersionGroup section */
	};
	rootObject = A7F642452AD8807600AC2A61 /* Project object */;
}
